Microsoft Visual Studio Solution File, Format Version 12.00
# Visual Studio Version 17
VisualStudioVersion = 17.5.2.0
MinimumVisualStudioVersion = 10.0.40219.1
Project("{FAE04EC0-301F-11D3-BF4B-00C04F79EFBC}") = "AparAppsWebsite", "AparAppsWebsite.csproj", "{6C03A5EA-2C11-C989-12BE-B162138392C9}"
EndProject
Global
	GlobalSection(SolutionConfigurationPlatforms) = preSolution
		Debug|Any CPU = Debug|Any CPU
		Release|Any CPU = Release|Any CPU
	EndGlobalSection
	GlobalSection(ProjectConfigurationPlatforms) = postSolution
		{6C03A5EA-2C11-C989-12BE-B162138392C9}.Debug|Any CPU.ActiveCfg = Debug|Any CPU
		{6C03A5EA-2C11-C989-12BE-B162138392C9}.Debug|Any CPU.Build.0 = Debug|Any CPU
		{6C03A5EA-2C11-C989-12BE-B162138392C9}.Release|Any CPU.ActiveCfg = Release|Any CPU
		{6C03A5EA-2C11-C989-12BE-B162138392C9}.Release|Any CPU.Build.0 = Release|Any CPU
	EndGlobalSection
	GlobalSection(SolutionProperties) = preSolution
		HideSolutionNode = FALSE
	EndGlobalSection
	GlobalSection(ExtensibilityGlobals) = postSolution
		SolutionGuid = {044629DC-D830-470C-AAFC-5034B704D779}
	EndGlobalSection
EndGlobal
